// !$*UTF8*$!
{
	archiveVersion = 1;
	classes = {
	};
	objectVersion = 52;
	objects = {

/* Begin PBXBuildFile section */
		B076E6862512406A00C0373C /* LocationizerPlusApp.swift in Sources */ = {isa = PBXBuildFile; fileRef = B076E6852512406A00C0373C /* LocationizerPlusApp.swift */; };
		B076E6882512406A00C0373C /* ContentView.swift in Sources */ = {isa = PBXBuildFile; fileRef = B076E6872512406A00C0373C /* ContentView.swift */; };
		B076E68A2512406B00C0373C /* Assets.xcassets in Resources */ = {isa = PBXBuildFile; fileRef = B076E6892512406B00C0373C /* Assets.xcassets */; };
		B076E68D2512406B00C0373C /* Preview Assets.xcassets in Resources */ = {isa = PBXBuildFile; fileRef = B076E68C2512406B00C0373C /* Preview Assets.xcassets */; };
		B076E69A251240C300C0373C /* CoordinateHelper.swift in Sources */ = {isa = PBXBuildFile; fileRef = B076E699251240C300C0373C /* CoordinateHelper.swift */; };
		B076E69F2512417300C0373C /* AppServices.swift in Sources */ = {isa = PBXBuildFile; fileRef = B076E69E2512417300C0373C /* AppServices.swift */; };
		B076E6A32512417C00C0373C /* LocationService.swift in Sources */ = {isa = PBXBuildFile; fileRef = B076E6A22512417C00C0373C /* LocationService.swift */; };
		B076E6A72512418F00C0373C /* Location.swift in Sources */ = {isa = PBXBuildFile; fileRef = B076E6A62512418F00C0373C /* Location.swift */; };
		B076E6B0251242F100C0373C /* KingfisherSwiftUI in Frameworks */ = {isa = PBXBuildFile; productRef = B076E6AF251242F100C0373C /* KingfisherSwiftUI */; };
		B076E6B52512434000C0373C /* LocationFetcher.swift in Sources */ = {isa = PBXBuildFile; fileRef = B076E6B42512434000C0373C /* LocationFetcher.swift */; };
		B076E6BB2512488500C0373C /* Realm in Frameworks */ = {isa = PBXBuildFile; productRef = B076E6BA2512488500C0373C /* Realm */; };
		B076E6BD2512488500C0373C /* RealmSwift in Frameworks */ = {isa = PBXBuildFile; productRef = B076E6BC2512488500C0373C /* RealmSwift */; };
/* End PBXBuildFile section */

/* Begin PBXFileReference section */
		B076E6822512406A00C0373C /* LocationizerPlus.app */ = {isa = PBXFileReference; explicitFileType = wrapper.application; includeInIndex = 0; path = LocationizerPlus.app; sourceTree = BUILT_PRODUCTS_DIR; };
		B076E6852512406A00C0373C /* LocationizerPlusApp.swift */ = {isa = PBXFileReference; lastKnownFileType = sourcecode.swift; path = LocationizerPlusApp.swift; sourceTree = "<group>"; };
		B076E6872512406A00C0373C /* ContentView.swift */ = {isa = PBXFileReference; lastKnownFileType = sourcecode.swift; path = ContentView.swift; sourceTree = "<group>"; };
		B076E6892512406B00C0373C /* Assets.xcassets */ = {isa = PBXFileReference; lastKnownFileType = folder.assetcatalog; path = Assets.xcassets; sourceTree = "<group>"; };
		B076E68C2512406B00C0373C /* Preview Assets.xcassets */ = {isa = PBXFileReference; lastKnownFileType = folder.assetcatalog; path = "Preview Assets.xcassets"; sourceTree = "<group>"; };
		B076E68E2512406B00C0373C /* Info.plist */ = {isa = PBXFileReference; lastKnownFileType = text.plist.xml; path = Info.plist; sourceTree = "<group>"; };
		B076E699251240C300C0373C /* CoordinateHelper.swift */ = {isa = PBXFileReference; lastKnownFileType = sourcecode.swift; path = CoordinateHelper.swift; sourceTree = "<group>"; };
		B076E69E2512417300C0373C /* AppServices.swift */ = {isa = PBXFileReference; lastKnownFileType = sourcecode.swift; path = AppServices.swift; sourceTree = "<group>"; };
		B076E6A22512417C00C0373C /* LocationService.swift */ = {isa = PBXFileReference; lastKnownFileType = sourcecode.swift; path = LocationService.swift; sourceTree = "<group>"; };
		B076E6A62512418F00C0373C /* Location.swift */ = {isa = PBXFileReference; lastKnownFileType = sourcecode.swift; path = Location.swift; sourceTree = "<group>"; };
		B076E6B42512434000C0373C /* LocationFetcher.swift */ = {isa = PBXFileReference; lastKnownFileType = sourcecode.swift; path = LocationFetcher.swift; sourceTree = "<group>"; };
/* End PBXFileReference section */

/* Begin PBXFrameworksBuildPhase section */
		B076E67F2512406A00C0373C /* Frameworks */ = {
			isa = PBXFrameworksBuildPhase;
			buildActionMask = 2147483647;
			files = (
				B076E6BD2512488500C0373C /* RealmSwift in Frameworks */,
				B076E6BB2512488500C0373C /* Realm in Frameworks */,
				B076E6B0251242F100C0373C /* KingfisherSwiftUI in Frameworks */,
			);
			runOnlyForDeploymentPostprocessing = 0;
		};
/* End PBXFrameworksBuildPhase section */

/* Begin PBXGroup section */
		B076E6792512406A00C0373C = {
			isa = PBXGroup;
			children = (
				B076E6842512406A00C0373C /* LocationizerPlus */,
				B076E6832512406A00C0373C /* Products */,
			);
			sourceTree = "<group>";
		};
		B076E6832512406A00C0373C /* Products */ = {
			isa = PBXGroup;
			children = (
				B076E6822512406A00C0373C /* LocationizerPlus.app */,
			);
			name = Products;
			sourceTree = "<group>";
		};
		B076E6842512406A00C0373C /* LocationizerPlus */ = {
			isa = PBXGroup;
			children = (
				B076E6962512409F00C0373C /* Network Access */,
				B076E697251240A600C0373C /* Logic */,
				B076E6A9251241EE00C0373C /* User Interface */,
				B076E6872512406A00C0373C /* ContentView.swift */,
				B076E6892512406B00C0373C /* Assets.xcassets */,
				B076E68E2512406B00C0373C /* Info.plist */,
				B076E68B2512406B00C0373C /* Preview Content */,
			);
			path = LocationizerPlus;
			sourceTree = "<group>";
		};
		B076E68B2512406B00C0373C /* Preview Content */ = {
			isa = PBXGroup;
			children = (
				B076E68C2512406B00C0373C /* Preview Assets.xcassets */,
			);
			path = "Preview Content";
			sourceTree = "<group>";
		};
		B076E6962512409F00C0373C /* Network Access */ = {
			isa = PBXGroup;
			children = (
				B076E6B32512433500C0373C /* Fetchers */,
			);
			path = "Network Access";
			sourceTree = "<group>";
		};
		B076E697251240A600C0373C /* Logic */ = {
			isa = PBXGroup;
			children = (
				B076E69D2512416600C0373C /* Services */,
				B076E698251240B100C0373C /* Helpers */,
				B076E6A52512418300C0373C /* Models */,
			);
			path = Logic;
			sourceTree = "<group>";
		};
		B076E698251240B100C0373C /* Helpers */ = {
			isa = PBXGroup;
			children = (
				B076E699251240C300C0373C /* CoordinateHelper.swift */,
			);
			path = Helpers;
			sourceTree = "<group>";
		};
		B076E69D2512416600C0373C /* Services */ = {
			isa = PBXGroup;
			children = (
				B076E69E2512417300C0373C /* AppServices.swift */,
				B076E6A22512417C00C0373C /* LocationService.swift */,
			);
			path = Services;
			sourceTree = "<group>";
		};
		B076E6A52512418300C0373C /* Models */ = {
			isa = PBXGroup;
			children = (
				B076E6A62512418F00C0373C /* Location.swift */,
			);
			path = Models;
			sourceTree = "<group>";
		};
		B076E6A9251241EE00C0373C /* User Interface */ = {
			isa = PBXGroup;
			children = (
				B076E6AB2512420200C0373C /* Components */,
				B076E6AD2512421400C0373C /* LocationList */,
				B076E6AC2512421000C0373C /* Search */,
				B076E6AA251241FC00C0373C /* Entry */,
			);
			path = "User Interface";
			sourceTree = "<group>";
		};
		B076E6AA251241FC00C0373C /* Entry */ = {
			isa = PBXGroup;
			children = (
				B076E6852512406A00C0373C /* LocationizerPlusApp.swift */,
			);
			path = Entry;
			sourceTree = "<group>";
		};
		B076E6AB2512420200C0373C /* Components */ = {
			isa = PBXGroup;
			children = (
			);
			path = Components;
			sourceTree = "<group>";
		};
		B076E6AC2512421000C0373C /* Search */ = {
			isa = PBXGroup;
			children = (
			);
			path = Search;
			sourceTree = "<group>";
		};
		B076E6AD2512421400C0373C /* LocationList */ = {
			isa = PBXGroup;
			children = (
			);
			path = LocationList;
			sourceTree = "<group>";
		};
		B076E6B32512433500C0373C /* Fetchers */ = {
			isa = PBXGroup;
			children = (
				B076E6B42512434000C0373C /* LocationFetcher.swift */,
			);
			path = Fetchers;
			sourceTree = "<group>";
		};
/* End PBXGroup section */

/* Begin PBXNativeTarget section */
		B076E6812512406A00C0373C /* LocationizerPlus */ = {
			isa = PBXNativeTarget;
			buildConfigurationList = B076E6912512406B00C0373C /* Build configuration list for PBXNativeTarget "LocationizerPlus" */;
			buildPhases = (
				B076E67E2512406A00C0373C /* Sources */,
				B076E67F2512406A00C0373C /* Frameworks */,
				B076E6802512406A00C0373C /* Resources */,
			);
			buildRules = (
			);
			dependencies = (
			);
			name = LocationizerPlus;
			packageProductDependencies = (
				B076E6AF251242F100C0373C /* KingfisherSwiftUI */,
				B076E6BA2512488500C0373C /* Realm */,
				B076E6BC2512488500C0373C /* RealmSwift */,
			);
			productName = LocationizerPlus;
			productReference = B076E6822512406A00C0373C /* LocationizerPlus.app */;
			productType = "com.apple.product-type.application";
		};
/* End PBXNativeTarget section */

/* Begin PBXProject section */
		B076E67A2512406A00C0373C /* Project object */ = {
			isa = PBXProject;
			attributes = {
				LastSwiftUpdateCheck = 1200;
				LastUpgradeCheck = 1200;
				TargetAttributes = {
					B076E6812512406A00C0373C = {
						CreatedOnToolsVersion = 12.0;
					};
				};
			};
			buildConfigurationList = B076E67D2512406A00C0373C /* Build configuration list for PBXProject "LocationizerPlus" */;
			compatibilityVersion = "Xcode 9.3";
			developmentRegion = en;
			hasScannedForEncodings = 0;
			knownRegions = (
				en,
				Base,
			);
			mainGroup = B076E6792512406A00C0373C;
			packageReferences = (
				B076E6AE251242F100C0373C /* XCRemoteSwiftPackageReference "Kingfisher" */,
				B076E6B92512488500C0373C /* XCRemoteSwiftPackageReference "realm-cocoa" */,
			);
			productRefGroup = B076E6832512406A00C0373C /* Products */;
			projectDirPath = "";
			projectRoot = "";
			targets = (
				B076E6812512406A00C0373C /* LocationizerPlus */,
			);
		};
/* End PBXProject section */

/* Begin PBXResourcesBuildPhase section */
		B076E6802512406A00C0373C /* Resources */ = {
			isa = PBXResourcesBuildPhase;
			buildActionMask = 2147483647;
			files = (
				B076E68D2512406B00C0373C /* Preview Assets.xcassets in Resources */,
				B076E68A2512406B00C0373C /* Assets.xcassets in Resources */,
			);
			runOnlyForDeploymentPostprocessing = 0;
		};
/* End PBXResourcesBuildPhase section */

/* Begin PBXSourcesBuildPhase section */
		B076E67E2512406A00C0373C /* Sources */ = {
			isa = PBXSourcesBuildPhase;
			buildActionMask = 2147483647;
			files = (
				B076E6882512406A00C0373C /* ContentView.swift in Sources */,
				B076E69F2512417300C0373C /* AppServices.swift in Sources */,
				B076E6A32512417C00C0373C /* LocationService.swift in Sources */,
				B076E6B52512434000C0373C /* LocationFetcher.swift in Sources */,
				B076E6862512406A00C0373C /* LocationizerPlusApp.swift in Sources */,
				B076E6A72512418F00C0373C /* Location.swift in Sources */,
				B076E69A251240C300C0373C /* CoordinateHelper.swift in Sources */,
			);
			runOnlyForDeploymentPostprocessing = 0;
		};
/* End PBXSourcesBuildPhase section */

/* Begin XCBuildConfiguration section */
		B076E68F2512406B00C0373C /* Debug */ = {
			isa = XCBuildConfiguration;
			buildSettings = {
				ALWAYS_SEARCH_USER_PATHS = NO;
				CLANG_ANALYZER_NONNULL = YES;
				CLANG_ANALYZER_NUMBER_OBJECT_CONVERSION = YES_AGGRESSIVE;
				CLANG_CXX_LANGUAGE_STANDARD = "gnu++14";
				CLANG_CXX_LIBRARY = "libc++";
				CLANG_ENABLE_MODULES = YES;
				CLANG_ENABLE_OBJC_ARC = YES;
				CLANG_ENABLE_OBJC_WEAK = YES;
				CLANG_WARN_BLOCK_CAPTURE_AUTORELEASING = YES;
				CLANG_WARN_BOOL_CONVERSION = YES;
				CLANG_WARN_COMMA = YES;
				CLANG_WARN_CONSTANT_CONVERSION = YES;
				CLANG_WARN_DEPRECATED_OBJC_IMPLEMENTATIONS = YES;
				CLANG_WARN_DIRECT_OBJC_ISA_USAGE = YES_ERROR;
				CLANG_WARN_DOCUMENTATION_COMMENTS = YES;
				CLANG_WARN_EMPTY_BODY = YES;
				CLANG_WARN_ENUM_CONVERSION = YES;
				CLANG_WARN_INFINITE_RECURSION = YES;
				CLANG_WARN_INT_CONVERSION = YES;
				CLANG_WARN_NON_LITERAL_NULL_CONVERSION = YES;
				CLANG_WARN_OBJC_IMPLICIT_RETAIN_SELF = YES;
				CLANG_WARN_OBJC_LITERAL_CONVERSION = YES;
				CLANG_WARN_OBJC_ROOT_CLASS = YES_ERROR;
				CLANG_WARN_QUOTED_INCLUDE_IN_FRAMEWORK_HEADER = YES;
				CLANG_WARN_RANGE_LOOP_ANALYSIS = YES;
				CLANG_WARN_STRICT_PROTOTYPES = YES;
				CLANG_WARN_SUSPICIOUS_MOVE = YES;
				CLANG_WARN_UNGUARDED_AVAILABILITY = YES_AGGRESSIVE;
				CLANG_WARN_UNREACHABLE_CODE = YES;
				CLANG_WARN__DUPLICATE_METHOD_MATCH = YES;
				COPY_PHASE_STRIP = NO;
				DEBUG_INFORMATION_FORMAT = dwarf;
				ENABLE_STRICT_OBJC_MSGSEND = YES;
				ENABLE_TESTABILITY = YES;
				GCC_C_LANGUAGE_STANDARD = gnu11;
				GCC_DYNAMIC_NO_PIC = NO;
				GCC_NO_COMMON_BLOCKS = YES;
				GCC_OPTIMIZATION_LEVEL = 0;
				GCC_PREPROCESSOR_DEFINITIONS = (
					"DEBUG=1",
					"$(inherited)",
				);
				GCC_WARN_64_TO_32_BIT_CONVERSION = YES;
				GCC_WARN_ABOUT_RETURN_TYPE = YES_ERROR;
				GCC_WARN_UNDECLARED_SELECTOR = YES;
				GCC_WARN_UNINITIALIZED_AUTOS = YES_AGGRESSIVE;
				GCC_WARN_UNUSED_FUNCTION = YES;
				GCC_WARN_UNUSED_VARIABLE = YES;
				IPHONEOS_DEPLOYMENT_TARGET = 14.0;
				MTL_ENABLE_DEBUG_INFO = INCLUDE_SOURCE;
				MTL_FAST_MATH = YES;
				ONLY_ACTIVE_ARCH = YES;
				SDKROOT = iphoneos;
				SWIFT_ACTIVE_COMPILATION_CONDITIONS = DEBUG;
				SWIFT_OPTIMIZATION_LEVEL = "-Onone";
			};
			name = Debug;
		};
		B076E6902512406B00C0373C /* Release */ = {
			isa = XCBuildConfiguration;
			buildSettings = {
				ALWAYS_SEARCH_USER_PATHS = NO;
				CLANG_ANALYZER_NONNULL = YES;
				CLANG_ANALYZER_NUMBER_OBJECT_CONVERSION = YES_AGGRESSIVE;
				CLANG_CXX_LANGUAGE_STANDARD = "gnu++14";
				CLANG_CXX_LIBRARY = "libc++";
				CLANG_ENABLE_MODULES = YES;
				CLANG_ENABLE_OBJC_ARC = YES;
				CLANG_ENABLE_OBJC_WEAK = YES;
				CLANG_WARN_BLOCK_CAPTURE_AUTORELEASING = YES;
				CLANG_WARN_BOOL_CONVERSION = YES;
				CLANG_WARN_COMMA = YES;
				CLANG_WARN_CONSTANT_CONVERSION = YES;
				CLANG_WARN_DEPRECATED_OBJC_IMPLEMENTATIONS = YES;
				CLANG_WARN_DIRECT_OBJC_ISA_USAGE = YES_ERROR;
				CLANG_WARN_DOCUMENTATION_COMMENTS = YES;
				CLANG_WARN_EMPTY_BODY = YES;
				CLANG_WARN_ENUM_CONVERSION = YES;
				CLANG_WARN_INFINITE_RECURSION = YES;
				CLANG_WARN_INT_CONVERSION = YES;
				CLANG_WARN_NON_LITERAL_NULL_CONVERSION = YES;
				CLANG_WARN_OBJC_IMPLICIT_RETAIN_SELF = YES;
				CLANG_WARN_OBJC_LITERAL_CONVERSION = YES;
				CLANG_WARN_OBJC_ROOT_CLASS = YES_ERROR;
				CLANG_WARN_QUOTED_INCLUDE_IN_FRAMEWORK_HEADER = YES;
				CLANG_WARN_RANGE_LOOP_ANALYSIS = YES;
				CLANG_WARN_STRICT_PROTOTYPES = YES;
				CLANG_WARN_SUSPICIOUS_MOVE = YES;
				CLANG_WARN_UNGUARDED_AVAILABILITY = YES_AGGRESSIVE;
				CLANG_WARN_UNREACHABLE_CODE = YES;
				CLANG_WARN__DUPLICATE_METHOD_MATCH = YES;
				COPY_PHASE_STRIP = NO;
				DEBUG_INFORMATION_FORMAT = "dwarf-with-dsym";
				ENABLE_NS_ASSERTIONS = NO;
				ENABLE_STRICT_OBJC_MSGSEND = YES;
				GCC_C_LANGUAGE_STANDARD = gnu11;
				GCC_NO_COMMON_BLOCKS = YES;
				GCC_WARN_64_TO_32_BIT_CONVERSION = YES;
				GCC_WARN_ABOUT_RETURN_TYPE = YES_ERROR;
				GCC_WARN_UNDECLARED_SELECTOR = YES;
				GCC_WARN_UNINITIALIZED_AUTOS = YES_AGGRESSIVE;
				GCC_WARN_UNUSED_FUNCTION = YES;
				GCC_WARN_UNUSED_VARIABLE = YES;
				IPHONEOS_DEPLOYMENT_TARGET = 14.0;
				MTL_ENABLE_DEBUG_INFO = NO;
				MTL_FAST_MATH = YES;
				SDKROOT = iphoneos;
				SWIFT_COMPILATION_MODE = wholemodule;
				SWIFT_OPTIMIZATION_LEVEL = "-O";
				VALIDATE_PRODUCT = YES;
			};
			name = Release;
		};
		B076E6922512406B00C0373C /* Debug */ = {
			isa = XCBuildConfiguration;
			buildSettings = {
				ASSETCATALOG_COMPILER_APPICON_NAME = AppIcon;
				ASSETCATALOG_COMPILER_GLOBAL_ACCENT_COLOR_NAME = AccentColor;
				CODE_SIGN_STYLE = Automatic;
				DEVELOPMENT_ASSET_PATHS = "\"LocationizerPlus/Preview Content\"";
				DEVELOPMENT_TEAM = VX8J369G73;
				ENABLE_PREVIEWS = YES;
				INFOPLIST_FILE = LocationizerPlus/Info.plist;
				IPHONEOS_DEPLOYMENT_TARGET = 14.0;
				LD_RUNPATH_SEARCH_PATHS = (
					"$(inherited)",
					"@executable_path/Frameworks",
				);
				PRODUCT_BUNDLE_IDENTIFIER = me.fineasgavre.LocationizerPlus;
				PRODUCT_NAME = "$(TARGET_NAME)";
				SWIFT_VERSION = 5.0;
				TARGETED_DEVICE_FAMILY = "1,2";
			};
			name = Debug;
		};
		B076E6932512406B00C0373C /* Release */ = {
			isa = XCBuildConfiguration;
			buildSettings = {
				ASSETCATALOG_COMPILER_APPICON_NAME = AppIcon;
				ASSETCATALOG_COMPILER_GLOBAL_ACCENT_COLOR_NAME = AccentColor;
				CODE_SIGN_STYLE = Automatic;
				DEVELOPMENT_ASSET_PATHS = "\"LocationizerPlus/Preview Content\"";
				DEVELOPMENT_TEAM = VX8J369G73;
				ENABLE_PREVIEWS = YES;
				INFOPLIST_FILE = LocationizerPlus/Info.plist;
				IPHONEOS_DEPLOYMENT_TARGET = 14.0;
				LD_RUNPATH_SEARCH_PATHS = (
					"$(inherited)",
					"@executable_path/Frameworks",
				);
				PRODUCT_BUNDLE_IDENTIFIER = me.fineasgavre.LocationizerPlus;
				PRODUCT_NAME = "$(TARGET_NAME)";
				SWIFT_VERSION = 5.0;
				TARGETED_DEVICE_FAMILY = "1,2";
			};
			name = Release;
		};
/* End XCBuildConfiguration section */

/* Begin XCConfigurationList section */
		B076E67D2512406A00C0373C /* Build configuration list for PBXProject "LocationizerPlus" */ = {
			isa = XCConfigurationList;
			buildConfigurations = (
				B076E68F2512406B00C0373C /* Debug */,
				B076E6902512406B00C0373C /* Release */,
			);
			defaultConfigurationIsVisible = 0;
			defaultConfigurationName = Release;
		};
		B076E6912512406B00C0373C /* Build configuration list for PBXNativeTarget "LocationizerPlus" */ = {
			isa = XCConfigurationList;
			buildConfigurations = (
				B076E6922512406B00C0373C /* Debug */,
				B076E6932512406B00C0373C /* Release */,
			);
			defaultConfigurationIsVisible = 0;
			defaultConfigurationName = Release;
		};
/* End XCConfigurationList section */

/* Begin XCRemoteSwiftPackageReference section */
		B076E6AE251242F100C0373C /* XCRemoteSwiftPackageReference "Kingfisher" */ = {
			isa = XCRemoteSwiftPackageReference;
			repositoryURL = "https://github.com/onevcat/Kingfisher.git";
			requirement = {
				kind = upToNextMajorVersion;
				minimumVersion = 5.15.0;
			};
		};
		B076E6B92512488500C0373C /* XCRemoteSwiftPackageReference "realm-cocoa" */ = {
			isa = XCRemoteSwiftPackageReference;
			repositoryURL = "https://github.com/realm/realm-cocoa.git";
			requirement = {
				kind = upToNextMajorVersion;
				minimumVersion = 5.4.0;
			};
		};
/* End XCRemoteSwiftPackageReference section */

/* Begin XCSwiftPackageProductDependency section */
		B076E6AF251242F100C0373C /* KingfisherSwiftUI */ = {
			isa = XCSwiftPackageProductDependency;
			package = B076E6AE251242F100C0373C /* XCRemoteSwiftPackageReference "Kingfisher" */;
			productName = KingfisherSwiftUI;
		};
		B076E6BA2512488500C0373C /* Realm */ = {
			isa = XCSwiftPackageProductDependency;
			package = B076E6B92512488500C0373C /* XCRemoteSwiftPackageReference "realm-cocoa" */;
			productName = Realm;
		};
		B076E6BC2512488500C0373C /* RealmSwift */ = {
			isa = XCSwiftPackageProductDependency;
			package = B076E6B92512488500C0373C /* XCRemoteSwiftPackageReference "realm-cocoa" */;
			productName = RealmSwift;
		};
/* End XCSwiftPackageProductDependency section */
	};
	rootObject = B076E67A2512406A00C0373C /* Project object */;
}
